// !$*UTF8*$!
{
	archiveVersion = 1;
	classes = {
	};
	objectVersion = 54;
	objects = {

/* Begin PBXBuildFile section */
		0C80B921A6F3F58F76C31292 /* libPods-AwesomeProject.a in Frameworks */ = {isa = PBXBuildFile; fileRef = 5DCACB8F33CDC322A6C60F78 /* libPods-AwesomeProject.a */; };
		13B07FBF1A68108700A75B9A /* Images.xcassets in Resources */ = {isa = PBXBuildFile; fileRef = 13B07FB51A68108700A75B9A /* Images.xcassets */; };
		761780ED2CA45674006654EE /* AppDelegate.swift in Sources */ = {isa = PBXBuildFile; fileRef = 761780EC2CA45674006654EE /* AppDelegate.swift */; };
		81AB9BB82411601600AC10FF /* LaunchScreen.storyboard in Resources */ = {isa = PBXBuildFile; fileRef = 81AB9BB72411601600AC10FF /* LaunchScreen.storyboard */; };
		75CB08D6982F4AAB9AD47920 /* Merienda-Black.ttf in Resources */ = {isa = PBXBuildFile; fileRef = 6679700F5024479DAB4D9D54 /* Merienda-Black.ttf */; };
		F5B205125E9D4053957F1ACA /* Merienda-Bold.ttf in Resources */ = {isa = PBXBuildFile; fileRef = 8EB7AD99D7D7494A8A0FE27D /* Merienda-Bold.ttf */; };
		8025B6DB249F4E2B86305D72 /* Merienda-ExtraBold.ttf in Resources */ = {isa = PBXBuildFile; fileRef = F034374CB7864DC385F10B66 /* Merienda-ExtraBold.ttf */; };
		FA6995FB29174AE689C4F5D4 /* Merienda-Light.ttf in Resources */ = {isa = PBXBuildFile; fileRef = 2C9CEE9B26D747C786736388 /* Merienda-Light.ttf */; };
		3D9EA784E7364002900AAE98 /* Merienda-Medium.ttf in Resources */ = {isa = PBXBuildFile; fileRef = 1B29603E018847CA88A1C072 /* Merienda-Medium.ttf */; };
		4FA9E559BEB1403B906010F7 /* Merienda-Regular.ttf in Resources */ = {isa = PBXBuildFile; fileRef = 09C29D2686604BEA978B2F6D /* Merienda-Regular.ttf */; };
		2B40C893E32C471996C7EAFE /* Merienda-SemiBold.ttf in Resources */ = {isa = PBXBuildFile; fileRef = 46A90EFA4C2D4C58A6410E2E /* Merienda-SemiBold.ttf */; };
		ACACCF4C278E4AB9B2D8F41A /* Merienda-VariableFont_wght.ttf in Resources */ = {isa = PBXBuildFile; fileRef = 38F710E561414060BFE81A20 /* Merienda-VariableFont_wght.ttf */; };
		0EF46E21C2354DD3B1D2B063 /* OleoScriptSwashCaps-Bold.ttf in Resources */ = {isa = PBXBuildFile; fileRef = 95DC2530F7454FCDA498BB5A /* OleoScriptSwashCaps-Bold.ttf */; };
		014D9B250AB341B2A595E46F /* OleoScriptSwashCaps-Regular.ttf in Resources */ = {isa = PBXBuildFile; fileRef = 4F1B0CC4BC10429EA4B248F7 /* OleoScriptSwashCaps-Regular.ttf */; };
		1916D3A4E25844608015CF07 /* Prompt-Black.ttf in Resources */ = {isa = PBXBuildFile; fileRef = B6FC6E7BF142433EAF33D010 /* Prompt-Black.ttf */; };
		14C8C5FE8B734921BFF10257 /* Prompt-BlackItalic.ttf in Resources */ = {isa = PBXBuildFile; fileRef = 6CB5AE058399434593AC429D /* Prompt-BlackItalic.ttf */; };
		05E6F3C40A1749A798E589C9 /* Prompt-Bold.ttf in Resources */ = {isa = PBXBuildFile; fileRef = 8C4EC0B0E7A646299608B5B4 /* Prompt-Bold.ttf */; };
		848A3212417A4EB8B82961A1 /* Prompt-BoldItalic.ttf in Resources */ = {isa = PBXBuildFile; fileRef = 542030E63B014C0F932F72AC /* Prompt-BoldItalic.ttf */; };
		9103A6C439F744BFABD8E2D7 /* Prompt-ExtraBold.ttf in Resources */ = {isa = PBXBuildFile; fileRef = 8CE922B7E7E14B68BBEF7C28 /* Prompt-ExtraBold.ttf */; };
		699A977DA82245DCB4359705 /* Prompt-ExtraBoldItalic.ttf in Resources */ = {isa = PBXBuildFile; fileRef = DFE5B558DA8A459E8116A501 /* Prompt-ExtraBoldItalic.ttf */; };
		68E87EFE21E84098A540A69F /* Prompt-ExtraLight.ttf in Resources */ = {isa = PBXBuildFile; fileRef = CA7509B18F68406A9EBC9A79 /* Prompt-ExtraLight.ttf */; };
		A8813DD48B0E487D97D19DAA /* Prompt-ExtraLightItalic.ttf in Resources */ = {isa = PBXBuildFile; fileRef = 53E0CA43A7004BEAA09EBA42 /* Prompt-ExtraLightItalic.ttf */; };
		7196A979229F44A7A8D4C4AA /* Prompt-Italic.ttf in Resources */ = {isa = PBXBuildFile; fileRef = B908726377C64BD49D967621 /* Prompt-Italic.ttf */; };
		0EF0145DE5494064B14DB461 /* Prompt-Light.ttf in Resources */ = {isa = PBXBuildFile; fileRef = AD33201FAA1D49CF919CA557 /* Prompt-Light.ttf */; };
		57ADA64D910F4460AD358709 /* Prompt-LightItalic.ttf in Resources */ = {isa = PBXBuildFile; fileRef = 456C99D5AD72484B8FF89D26 /* Prompt-LightItalic.ttf */; };
		C101EF0BFCA24DC7BA9ACE83 /* Prompt-Medium.ttf in Resources */ = {isa = PBXBuildFile; fileRef = DA9AC236D3D24E9B913DCAEC /* Prompt-Medium.ttf */; };
		8D482DDF90124D059BC3DD7B /* Prompt-MediumItalic.ttf in Resources */ = {isa = PBXBuildFile; fileRef = EC46FBDFF14D436D9E881D2A /* Prompt-MediumItalic.ttf */; };
		39963901043F4C8DB6697F93 /* Prompt-Regular.ttf in Resources */ = {isa = PBXBuildFile; fileRef = 6A74C5788CDA42B88920C41F /* Prompt-Regular.ttf */; };
		BA9F5DFAC0594E89A3F01A1E /* Prompt-SemiBold.ttf in Resources */ = {isa = PBXBuildFile; fileRef = 09ED65DA2BC9448AB6289557 /* Prompt-SemiBold.ttf */; };
		DE096C86EB194C2E8427B301 /* Prompt-SemiBoldItalic.ttf in Resources */ = {isa = PBXBuildFile; fileRef = 1F6A1A202FEA42829010FB84 /* Prompt-SemiBoldItalic.ttf */; };
		C2E116AB2FAF4176B8C58B6C /* Prompt-Thin.ttf in Resources */ = {isa = PBXBuildFile; fileRef = D5BF321AE8974D2A8D84E049 /* Prompt-Thin.ttf */; };
		2DDB479D40B54FDF916CD6C5 /* Prompt-ThinItalic.ttf in Resources */ = {isa = PBXBuildFile; fileRef = 8FED543DAB30446BB1A8E608 /* Prompt-ThinItalic.ttf */; };
		ED75A81657B04C67A1D35A25 /* OFL.txt in Resources */ = {isa = PBXBuildFile; fileRef = 5FC49F8823994D31A697497E /* OFL.txt */; };
		381138DEFFD541EBAEC28309 /* README.txt in Resources */ = {isa = PBXBuildFile; fileRef = 0D2AB9E1D7C84D38B9B0B1E1 /* README.txt */; };
/* End PBXBuildFile section */

/* Begin PBXFileReference section */
		13B07F961A680F5B00A75B9A /* AwesomeProject.app */ = {isa = PBXFileReference; explicitFileType = wrapper.application; includeInIndex = 0; path = AwesomeProject.app; sourceTree = BUILT_PRODUCTS_DIR; };
		13B07FB51A68108700A75B9A /* Images.xcassets */ = {isa = PBXFileReference; lastKnownFileType = folder.assetcatalog; name = Images.xcassets; path = AwesomeProject/Images.xcassets; sourceTree = "<group>"; };
		13B07FB61A68108700A75B9A /* Info.plist */ = {isa = PBXFileReference; fileEncoding = 4; lastKnownFileType = text.plist.xml; name = Info.plist; path = AwesomeProject/Info.plist; sourceTree = "<group>"; };
		13B07FB81A68108700A75B9A /* PrivacyInfo.xcprivacy */ = {isa = PBXFileReference; fileEncoding = 4; lastKnownFileType = text.plist.xml; name = PrivacyInfo.xcprivacy; path = AwesomeProject/PrivacyInfo.xcprivacy; sourceTree = "<group>"; };
		3B4392A12AC88292D35C810B /* Pods-AwesomeProject.debug.xcconfig */ = {isa = PBXFileReference; includeInIndex = 1; lastKnownFileType = text.xcconfig; name = "Pods-AwesomeProject.debug.xcconfig"; path = "Target Support Files/Pods-AwesomeProject/Pods-AwesomeProject.debug.xcconfig"; sourceTree = "<group>"; };
		5709B34CF0A7D63546082F79 /* Pods-AwesomeProject.release.xcconfig */ = {isa = PBXFileReference; includeInIndex = 1; lastKnownFileType = text.xcconfig; name = "Pods-AwesomeProject.release.xcconfig"; path = "Target Support Files/Pods-AwesomeProject/Pods-AwesomeProject.release.xcconfig"; sourceTree = "<group>"; };
		5DCACB8F33CDC322A6C60F78 /* libPods-AwesomeProject.a */ = {isa = PBXFileReference; explicitFileType = archive.ar; includeInIndex = 0; path = "libPods-AwesomeProject.a"; sourceTree = BUILT_PRODUCTS_DIR; };
		761780EC2CA45674006654EE /* AppDelegate.swift */ = {isa = PBXFileReference; lastKnownFileType = sourcecode.swift; name = AppDelegate.swift; path = AwesomeProject/AppDelegate.swift; sourceTree = "<group>"; };
		81AB9BB72411601600AC10FF /* LaunchScreen.storyboard */ = {isa = PBXFileReference; fileEncoding = 4; lastKnownFileType = file.storyboard; name = LaunchScreen.storyboard; path = AwesomeProject/LaunchScreen.storyboard; sourceTree = "<group>"; };
		ED297162215061F000B7C4FE /* JavaScriptCore.framework */ = {isa = PBXFileReference; lastKnownFileType = wrapper.framework; name = JavaScriptCore.framework; path = System/Library/Frameworks/JavaScriptCore.framework; sourceTree = SDKROOT; };
		6679700F5024479DAB4D9D54 /* Merienda-Black.ttf */ = {isa = PBXFileReference; name = "Merienda-Black.ttf"; path = "../assets/font/Merienda/static/Merienda-Black.ttf"; sourceTree = "<group>"; fileEncoding = undefined; lastKnownFileType = unknown; explicitFileType = undefined; includeInIndex = 0; };
		8EB7AD99D7D7494A8A0FE27D /* Merienda-Bold.ttf */ = {isa = PBXFileReference; name = "Merienda-Bold.ttf"; path = "../assets/font/Merienda/static/Merienda-Bold.ttf"; sourceTree = "<group>"; fileEncoding = undefined; lastKnownFileType = unknown; explicitFileType = undefined; includeInIndex = 0; };
		F034374CB7864DC385F10B66 /* Merienda-ExtraBold.ttf */ = {isa = PBXFileReference; name = "Merienda-ExtraBold.ttf"; path = "../assets/font/Merienda/static/Merienda-ExtraBold.ttf"; sourceTree = "<group>"; fileEncoding = undefined; lastKnownFileType = unknown; explicitFileType = undefined; includeInIndex = 0; };
		2C9CEE9B26D747C786736388 /* Merienda-Light.ttf */ = {isa = PBXFileReference; name = "Merienda-Light.ttf"; path = "../assets/font/Merienda/static/Merienda-Light.ttf"; sourceTree = "<group>"; fileEncoding = undefined; lastKnownFileType = unknown; explicitFileType = undefined; includeInIndex = 0; };
		1B29603E018847CA88A1C072 /* Merienda-Medium.ttf */ = {isa = PBXFileReference; name = "Merienda-Medium.ttf"; path = "../assets/font/Merienda/static/Merienda-Medium.ttf"; sourceTree = "<group>"; fileEncoding = undefined; lastKnownFileType = unknown; explicitFileType = undefined; includeInIndex = 0; };
		09C29D2686604BEA978B2F6D /* Merienda-Regular.ttf */ = {isa = PBXFileReference; name = "Merienda-Regular.ttf"; path = "../assets/font/Merienda/static/Merienda-Regular.ttf"; sourceTree = "<group>"; fileEncoding = undefined; lastKnownFileType = unknown; explicitFileType = undefined; includeInIndex = 0; };
		46A90EFA4C2D4C58A6410E2E /* Merienda-SemiBold.ttf */ = {isa = PBXFileReference; name = "Merienda-SemiBold.ttf"; path = "../assets/font/Merienda/static/Merienda-SemiBold.ttf"; sourceTree = "<group>"; fileEncoding = undefined; lastKnownFileType = unknown; explicitFileType = undefined; includeInIndex = 0; };
		38F710E561414060BFE81A20 /* Merienda-VariableFont_wght.ttf */ = {isa = PBXFileReference; name = "Merienda-VariableFont_wght.ttf"; path = "../assets/font/Merienda/Merienda-VariableFont_wght.ttf"; sourceTree = "<group>"; fileEncoding = undefined; lastKnownFileType = unknown; explicitFileType = undefined; includeInIndex = 0; };
		95DC2530F7454FCDA498BB5A /* OleoScriptSwashCaps-Bold.ttf */ = {isa = PBXFileReference; name = "OleoScriptSwashCaps-Bold.ttf"; path = "../assets/font/OleoScriptSwashCaps-Bold.ttf"; sourceTree = "<group>"; fileEncoding = undefined; lastKnownFileType = unknown; explicitFileType = undefined; includeInIndex = 0; };
		4F1B0CC4BC10429EA4B248F7 /* OleoScriptSwashCaps-Regular.ttf */ = {isa = PBXFileReference; name = "OleoScriptSwashCaps-Regular.ttf"; path = "../assets/font/Oleo_Script_Swash_Caps/OleoScriptSwashCaps-Regular.ttf"; sourceTree = "<group>"; fileEncoding = undefined; lastKnownFileType = unknown; explicitFileType = undefined; includeInIndex = 0; };
		B6FC6E7BF142433EAF33D010 /* Prompt-Black.ttf */ = {isa = PBXFileReference; name = "Prompt-Black.ttf"; path = "../assets/font/Prompt/Prompt-Black.ttf"; sourceTree = "<group>"; fileEncoding = undefined; lastKnownFileType = unknown; explicitFileType = undefined; includeInIndex = 0; };
		6CB5AE058399434593AC429D /* Prompt-BlackItalic.ttf */ = {isa = PBXFileReference; name = "Prompt-BlackItalic.ttf"; path = "../assets/font/Prompt/Prompt-BlackItalic.ttf"; sourceTree = "<group>"; fileEncoding = undefined; lastKnownFileType = unknown; explicitFileType = undefined; includeInIndex = 0; };
		8C4EC0B0E7A646299608B5B4 /* Prompt-Bold.ttf */ = {isa = PBXFileReference; name = "Prompt-Bold.ttf"; path = "../assets/font/Prompt/Prompt-Bold.ttf"; sourceTree = "<group>"; fileEncoding = undefined; lastKnownFileType = unknown; explicitFileType = undefined; includeInIndex = 0; };
		542030E63B014C0F932F72AC /* Prompt-BoldItalic.ttf */ = {isa = PBXFileReference; name = "Prompt-BoldItalic.ttf"; path = "../assets/font/Prompt/Prompt-BoldItalic.ttf"; sourceTree = "<group>"; fileEncoding = undefined; lastKnownFileType = unknown; explicitFileType = undefined; includeInIndex = 0; };
		8CE922B7E7E14B68BBEF7C28 /* Prompt-ExtraBold.ttf */ = {isa = PBXFileReference; name = "Prompt-ExtraBold.ttf"; path = "../assets/font/Prompt/Prompt-ExtraBold.ttf"; sourceTree = "<group>"; fileEncoding = undefined; lastKnownFileType = unknown; explicitFileType = undefined; includeInIndex = 0; };
		DFE5B558DA8A459E8116A501 /* Prompt-ExtraBoldItalic.ttf */ = {isa = PBXFileReference; name = "Prompt-ExtraBoldItalic.ttf"; path = "../assets/font/Prompt/Prompt-ExtraBoldItalic.ttf"; sourceTree = "<group>"; fileEncoding = undefined; lastKnownFileType = unknown; explicitFileType = undefined; includeInIndex = 0; };
		CA7509B18F68406A9EBC9A79 /* Prompt-ExtraLight.ttf */ = {isa = PBXFileReference; name = "Prompt-ExtraLight.ttf"; path = "../assets/font/Prompt/Prompt-ExtraLight.ttf"; sourceTree = "<group>"; fileEncoding = undefined; lastKnownFileType = unknown; explicitFileType = undefined; includeInIndex = 0; };
		53E0CA43A7004BEAA09EBA42 /* Prompt-ExtraLightItalic.ttf */ = {isa = PBXFileReference; name = "Prompt-ExtraLightItalic.ttf"; path = "../assets/font/Prompt/Prompt-ExtraLightItalic.ttf"; sourceTree = "<group>"; fileEncoding = undefined; lastKnownFileType = unknown; explicitFileType = undefined; includeInIndex = 0; };
		B908726377C64BD49D967621 /* Prompt-Italic.ttf */ = {isa = PBXFileReference; name = "Prompt-Italic.ttf"; path = "../assets/font/Prompt/Prompt-Italic.ttf"; sourceTree = "<group>"; fileEncoding = undefined; lastKnownFileType = unknown; explicitFileType = undefined; includeInIndex = 0; };
		AD33201FAA1D49CF919CA557 /* Prompt-Light.ttf */ = {isa = PBXFileReference; name = "Prompt-Light.ttf"; path = "../assets/font/Prompt/Prompt-Light.ttf"; sourceTree = "<group>"; fileEncoding = undefined; lastKnownFileType = unknown; explicitFileType = undefined; includeInIndex = 0; };
		456C99D5AD72484B8FF89D26 /* Prompt-LightItalic.ttf */ = {isa = PBXFileReference; name = "Prompt-LightItalic.ttf"; path = "../assets/font/Prompt/Prompt-LightItalic.ttf"; sourceTree = "<group>"; fileEncoding = undefined; lastKnownFileType = unknown; explicitFileType = undefined; includeInIndex = 0; };
		DA9AC236D3D24E9B913DCAEC /* Prompt-Medium.ttf */ = {isa = PBXFileReference; name = "Prompt-Medium.ttf"; path = "../assets/font/Prompt/Prompt-Medium.ttf"; sourceTree = "<group>"; fileEncoding = undefined; lastKnownFileType = unknown; explicitFileType = undefined; includeInIndex = 0; };
		EC46FBDFF14D436D9E881D2A /* Prompt-MediumItalic.ttf */ = {isa = PBXFileReference; name = "Prompt-MediumItalic.ttf"; path = "../assets/font/Prompt/Prompt-MediumItalic.ttf"; sourceTree = "<group>"; fileEncoding = undefined; lastKnownFileType = unknown; explicitFileType = undefined; includeInIndex = 0; };
		6A74C5788CDA42B88920C41F /* Prompt-Regular.ttf */ = {isa = PBXFileReference; name = "Prompt-Regular.ttf"; path = "../assets/font/Prompt/Prompt-Regular.ttf"; sourceTree = "<group>"; fileEncoding = undefined; lastKnownFileType = unknown; explicitFileType = undefined; includeInIndex = 0; };
		09ED65DA2BC9448AB6289557 /* Prompt-SemiBold.ttf */ = {isa = PBXFileReference; name = "Prompt-SemiBold.ttf"; path = "../assets/font/Prompt/Prompt-SemiBold.ttf"; sourceTree = "<group>"; fileEncoding = undefined; lastKnownFileType = unknown; explicitFileType = undefined; includeInIndex = 0; };
		1F6A1A202FEA42829010FB84 /* Prompt-SemiBoldItalic.ttf */ = {isa = PBXFileReference; name = "Prompt-SemiBoldItalic.ttf"; path = "../assets/font/Prompt/Prompt-SemiBoldItalic.ttf"; sourceTree = "<group>"; fileEncoding = undefined; lastKnownFileType = unknown; explicitFileType = undefined; includeInIndex = 0; };
		D5BF321AE8974D2A8D84E049 /* Prompt-Thin.ttf */ = {isa = PBXFileReference; name = "Prompt-Thin.ttf"; path = "../assets/font/Prompt/Prompt-Thin.ttf"; sourceTree = "<group>"; fileEncoding = undefined; lastKnownFileType = unknown; explicitFileType = undefined; includeInIndex = 0; };
		8FED543DAB30446BB1A8E608 /* Prompt-ThinItalic.ttf */ = {isa = PBXFileReference; name = "Prompt-ThinItalic.ttf"; path = "../assets/font/Prompt/Prompt-ThinItalic.ttf"; sourceTree = "<group>"; fileEncoding = undefined; lastKnownFileType = unknown; explicitFileType = undefined; includeInIndex = 0; };
		5FC49F8823994D31A697497E /* OFL.txt */ = {isa = PBXFileReference; name = "OFL.txt"; path = "../assets/font/Merienda/OFL.txt"; sourceTree = "<group>"; fileEncoding = undefined; lastKnownFileType = unknown; explicitFileType = undefined; includeInIndex = 0; };
		0D2AB9E1D7C84D38B9B0B1E1 /* README.txt */ = {isa = PBXFileReference; name = "README.txt"; path = "../assets/font/Merienda/README.txt"; sourceTree = "<group>"; fileEncoding = undefined; lastKnownFileType = unknown; explicitFileType = undefined; includeInIndex = 0; };
/* End PBXFileReference section */

/* Begin PBXFrameworksBuildPhase section */
		13B07F8C1A680F5B00A75B9A /* Frameworks */ = {
			isa = PBXFrameworksBuildPhase;
			buildActionMask = 2147483647;
			files = (
				0C80B921A6F3F58F76C31292 /* libPods-AwesomeProject.a in Frameworks */,
			);
			runOnlyForDeploymentPostprocessing = 0;
		};
/* End PBXFrameworksBuildPhase section */

/* Begin PBXGroup section */
		13B07FAE1A68108700A75B9A /* AwesomeProject */ = {
			isa = PBXGroup;
			children = (
				13B07FB51A68108700A75B9A /* Images.xcassets */,
				761780EC2CA45674006654EE /* AppDelegate.swift */,
				13B07FB61A68108700A75B9A /* Info.plist */,
				81AB9BB72411601600AC10FF /* LaunchScreen.storyboard */,
				13B07FB81A68108700A75B9A /* PrivacyInfo.xcprivacy */,
			);
			name = AwesomeProject;
			sourceTree = "<group>";
		};
		2D16E6871FA4F8E400B85C8A /* Frameworks */ = {
			isa = PBXGroup;
			children = (
				ED297162215061F000B7C4FE /* JavaScriptCore.framework */,
				5DCACB8F33CDC322A6C60F78 /* libPods-AwesomeProject.a */,
			);
			name = Frameworks;
			sourceTree = "<group>";
		};
		832341AE1AAA6A7D00B99B32 /* Libraries */ = {
			isa = PBXGroup;
			children = (
			);
			name = Libraries;
			sourceTree = "<group>";
		};
		83CBB9F61A601CBA00E9B192 = {
			isa = PBXGroup;
			children = (
				13B07FAE1A68108700A75B9A /* AwesomeProject */,
				832341AE1AAA6A7D00B99B32 /* Libraries */,
				83CBBA001A601CBA00E9B192 /* Products */,
				2D16E6871FA4F8E400B85C8A /* Frameworks */,
				BBD78D7AC51CEA395F1C20DB /* Pods */,
				1A28E4408E6D4AF0AC1E69C2 /* Resources */,
			);
			indentWidth = 2;
			sourceTree = "<group>";
			tabWidth = 2;
			usesTabs = 0;
		};
		83CBBA001A601CBA00E9B192 /* Products */ = {
			isa = PBXGroup;
			children = (
				13B07F961A680F5B00A75B9A /* AwesomeProject.app */,
			);
			name = Products;
			sourceTree = "<group>";
		};
		BBD78D7AC51CEA395F1C20DB /* Pods */ = {
			isa = PBXGroup;
			children = (
				3B4392A12AC88292D35C810B /* Pods-AwesomeProject.debug.xcconfig */,
				5709B34CF0A7D63546082F79 /* Pods-AwesomeProject.release.xcconfig */,
			);
			path = Pods;
			sourceTree = "<group>";
		};
		1A28E4408E6D4AF0AC1E69C2 /* Resources */ = {
			isa = "PBXGroup";
			children = (
				6679700F5024479DAB4D9D54 /* Merienda-Black.ttf */,
				8EB7AD99D7D7494A8A0FE27D /* Merienda-Bold.ttf */,
				F034374CB7864DC385F10B66 /* Merienda-ExtraBold.ttf */,
				2C9CEE9B26D747C786736388 /* Merienda-Light.ttf */,
				1B29603E018847CA88A1C072 /* Merienda-Medium.ttf */,
				09C29D2686604BEA978B2F6D /* Merienda-Regular.ttf */,
				46A90EFA4C2D4C58A6410E2E /* Merienda-SemiBold.ttf */,
				38F710E561414060BFE81A20 /* Merienda-VariableFont_wght.ttf */,
				95DC2530F7454FCDA498BB5A /* OleoScriptSwashCaps-Bold.ttf */,
				4F1B0CC4BC10429EA4B248F7 /* OleoScriptSwashCaps-Regular.ttf */,
				B6FC6E7BF142433EAF33D010 /* Prompt-Black.ttf */,
				6CB5AE058399434593AC429D /* Prompt-BlackItalic.ttf */,
				8C4EC0B0E7A646299608B5B4 /* Prompt-Bold.ttf */,
				542030E63B014C0F932F72AC /* Prompt-BoldItalic.ttf */,
				8CE922B7E7E14B68BBEF7C28 /* Prompt-ExtraBold.ttf */,
				DFE5B558DA8A459E8116A501 /* Prompt-ExtraBoldItalic.ttf */,
				CA7509B18F68406A9EBC9A79 /* Prompt-ExtraLight.ttf */,
				53E0CA43A7004BEAA09EBA42 /* Prompt-ExtraLightItalic.ttf */,
				B908726377C64BD49D967621 /* Prompt-Italic.ttf */,
				AD33201FAA1D49CF919CA557 /* Prompt-Light.ttf */,
				456C99D5AD72484B8FF89D26 /* Prompt-LightItalic.ttf */,
				DA9AC236D3D24E9B913DCAEC /* Prompt-Medium.ttf */,
				EC46FBDFF14D436D9E881D2A /* Prompt-MediumItalic.ttf */,
				6A74C5788CDA42B88920C41F /* Prompt-Regular.ttf */,
				09ED65DA2BC9448AB6289557 /* Prompt-SemiBold.ttf */,
				1F6A1A202FEA42829010FB84 /* Prompt-SemiBoldItalic.ttf */,
				D5BF321AE8974D2A8D84E049 /* Prompt-Thin.ttf */,
				8FED543DAB30446BB1A8E608 /* Prompt-ThinItalic.ttf */,
				5FC49F8823994D31A697497E /* OFL.txt */,
				0D2AB9E1D7C84D38B9B0B1E1 /* README.txt */,
			);
			name = Resources;
			sourceTree = "<group>";
			path = "";
		};
/* End PBXGroup section */

/* Begin PBXNativeTarget section */
		13B07F861A680F5B00A75B9A /* AwesomeProject */ = {
			isa = PBXNativeTarget;
			buildConfigurationList = 13B07F931A680F5B00A75B9A /* Build configuration list for PBXNativeTarget "AwesomeProject" */;
			buildPhases = (
				C38B50BA6285516D6DCD4F65 /* [CP] Check Pods Manifest.lock */,
				13B07F871A680F5B00A75B9A /* Sources */,
				13B07F8C1A680F5B00A75B9A /* Frameworks */,
				13B07F8E1A680F5B00A75B9A /* Resources */,
				00DD1BFF1BD5951E006B06BC /* Bundle React Native code and images */,
				00EEFC60759A1932668264C0 /* [CP] Embed Pods Frameworks */,
				E235C05ADACE081382539298 /* [CP] Copy Pods Resources */,
			);
			buildRules = (
			);
			dependencies = (
			);
			name = AwesomeProject;
			productName = AwesomeProject;
			productReference = 13B07F961A680F5B00A75B9A /* AwesomeProject.app */;
			productType = "com.apple.product-type.application";
		};
/* End PBXNativeTarget section */

/* Begin PBXProject section */
		83CBB9F71A601CBA00E9B192 /* Project object */ = {
			isa = PBXProject;
			attributes = {
				LastUpgradeCheck = 1210;
				TargetAttributes = {
					13B07F861A680F5B00A75B9A = {
						LastSwiftMigration = 1120;
					};
				};
			};
			buildConfigurationList = 83CBB9FA1A601CBA00E9B192 /* Build configuration list for PBXProject "AwesomeProject" */;
			compatibilityVersion = "Xcode 12.0";
			developmentRegion = en;
			hasScannedForEncodings = 0;
			knownRegions = (
				en,
				Base,
			);
			mainGroup = 83CBB9F61A601CBA00E9B192;
			productRefGroup = 83CBBA001A601CBA00E9B192 /* Products */;
			projectDirPath = "";
			projectRoot = "";
			targets = (
				13B07F861A680F5B00A75B9A /* AwesomeProject */,
			);
		};
/* End PBXProject section */

/* Begin PBXResourcesBuildPhase section */
		13B07F8E1A680F5B00A75B9A /* Resources */ = {
			isa = PBXResourcesBuildPhase;
			buildActionMask = 2147483647;
			files = (
				81AB9BB82411601600AC10FF /* LaunchScreen.storyboard in Resources */,
				13B07FBF1A68108700A75B9A /* Images.xcassets in Resources */,
				75CB08D6982F4AAB9AD47920 /* Merienda-Black.ttf in Resources */,
				F5B205125E9D4053957F1ACA /* Merienda-Bold.ttf in Resources */,
				8025B6DB249F4E2B86305D72 /* Merienda-ExtraBold.ttf in Resources */,
				FA6995FB29174AE689C4F5D4 /* Merienda-Light.ttf in Resources */,
				3D9EA784E7364002900AAE98 /* Merienda-Medium.ttf in Resources */,
				4FA9E559BEB1403B906010F7 /* Merienda-Regular.ttf in Resources */,
				2B40C893E32C471996C7EAFE /* Merienda-SemiBold.ttf in Resources */,
				ACACCF4C278E4AB9B2D8F41A /* Merienda-VariableFont_wght.ttf in Resources */,
				0EF46E21C2354DD3B1D2B063 /* OleoScriptSwashCaps-Bold.ttf in Resources */,
				014D9B250AB341B2A595E46F /* OleoScriptSwashCaps-Regular.ttf in Resources */,
				1916D3A4E25844608015CF07 /* Prompt-Black.ttf in Resources */,
				14C8C5FE8B734921BFF10257 /* Prompt-BlackItalic.ttf in Resources */,
				05E6F3C40A1749A798E589C9 /* Prompt-Bold.ttf in Resources */,
				848A3212417A4EB8B82961A1 /* Prompt-BoldItalic.ttf in Resources */,
				9103A6C439F744BFABD8E2D7 /* Prompt-ExtraBold.ttf in Resources */,
				699A977DA82245DCB4359705 /* Prompt-ExtraBoldItalic.ttf in Resources */,
				68E87EFE21E84098A540A69F /* Prompt-ExtraLight.ttf in Resources */,
				A8813DD48B0E487D97D19DAA /* Prompt-ExtraLightItalic.ttf in Resources */,
				7196A979229F44A7A8D4C4AA /* Prompt-Italic.ttf in Resources */,
				0EF0145DE5494064B14DB461 /* Prompt-Light.ttf in Resources */,
				57ADA64D910F4460AD358709 /* Prompt-LightItalic.ttf in Resources */,
				C101EF0BFCA24DC7BA9ACE83 /* Prompt-Medium.ttf in Resources */,
				8D482DDF90124D059BC3DD7B /* Prompt-MediumItalic.ttf in Resources */,
				39963901043F4C8DB6697F93 /* Prompt-Regular.ttf in Resources */,
				BA9F5DFAC0594E89A3F01A1E /* Prompt-SemiBold.ttf in Resources */,
				DE096C86EB194C2E8427B301 /* Prompt-SemiBoldItalic.ttf in Resources */,
				C2E116AB2FAF4176B8C58B6C /* Prompt-Thin.ttf in Resources */,
				2DDB479D40B54FDF916CD6C5 /* Prompt-ThinItalic.ttf in Resources */,
				ED75A81657B04C67A1D35A25 /* OFL.txt in Resources */,
				381138DEFFD541EBAEC28309 /* README.txt in Resources */,
			);
			runOnlyForDeploymentPostprocessing = 0;
		};
/* End PBXResourcesBuildPhase section */

/* Begin PBXShellScriptBuildPhase section */
		00DD1BFF1BD5951E006B06BC /* Bundle React Native code and images */ = {
			isa = PBXShellScriptBuildPhase;
			buildActionMask = 2147483647;
			files = (
			);
			inputPaths = (
				"$(SRCROOT)/.xcode.env.local",
				"$(SRCROOT)/.xcode.env",
			);
			name = "Bundle React Native code and images";
			outputPaths = (
			);
			runOnlyForDeploymentPostprocessing = 0;
			shellPath = /bin/sh;
			shellScript = "set -e\n\nWITH_ENVIRONMENT=\"$REACT_NATIVE_PATH/scripts/xcode/with-environment.sh\"\nREACT_NATIVE_XCODE=\"$REACT_NATIVE_PATH/scripts/react-native-xcode.sh\"\n\n/bin/sh -c \"$WITH_ENVIRONMENT $REACT_NATIVE_XCODE\"\n";
		};
		00EEFC60759A1932668264C0 /* [CP] Embed Pods Frameworks */ = {
			isa = PBXShellScriptBuildPhase;
			buildActionMask = 2147483647;
			files = (
			);
			inputFileListPaths = (
				"${PODS_ROOT}/Target Support Files/Pods-AwesomeProject/Pods-AwesomeProject-frameworks-${CONFIGURATION}-input-files.xcfilelist",
			);
			name = "[CP] Embed Pods Frameworks";
			outputFileListPaths = (
				"${PODS_ROOT}/Target Support Files/Pods-AwesomeProject/Pods-AwesomeProject-frameworks-${CONFIGURATION}-output-files.xcfilelist",
			);
			runOnlyForDeploymentPostprocessing = 0;
			shellPath = /bin/sh;
			shellScript = "\"${PODS_ROOT}/Target Support Files/Pods-AwesomeProject/Pods-AwesomeProject-frameworks.sh\"\n";
			showEnvVarsInLog = 0;
		};
		C38B50BA6285516D6DCD4F65 /* [CP] Check Pods Manifest.lock */ = {
			isa = PBXShellScriptBuildPhase;
			buildActionMask = 2147483647;
			files = (
			);
			inputFileListPaths = (
			);
			inputPaths = (
				"${PODS_PODFILE_DIR_PATH}/Podfile.lock",
				"${PODS_ROOT}/Manifest.lock",
			);
			name = "[CP] Check Pods Manifest.lock";
			outputFileListPaths = (
			);
			outputPaths = (
				"$(DERIVED_FILE_DIR)/Pods-AwesomeProject-checkManifestLockResult.txt",
			);
			runOnlyForDeploymentPostprocessing = 0;
			shellPath = /bin/sh;
			shellScript = "diff \"${PODS_PODFILE_DIR_PATH}/Podfile.lock\" \"${PODS_ROOT}/Manifest.lock\" > /dev/null\nif [ $? != 0 ] ; then\n    # print error to STDERR\n    echo \"error: The sandbox is not in sync with the Podfile.lock. Run 'pod install' or update your CocoaPods installation.\" >&2\n    exit 1\nfi\n# This output is used by Xcode 'outputs' to avoid re-running this script phase.\necho \"SUCCESS\" > \"${SCRIPT_OUTPUT_FILE_0}\"\n";
			showEnvVarsInLog = 0;
		};
		E235C05ADACE081382539298 /* [CP] Copy Pods Resources */ = {
			isa = PBXShellScriptBuildPhase;
			buildActionMask = 2147483647;
			files = (
			);
			inputFileListPaths = (
				"${PODS_ROOT}/Target Support Files/Pods-AwesomeProject/Pods-AwesomeProject-resources-${CONFIGURATION}-input-files.xcfilelist",
			);
			name = "[CP] Copy Pods Resources";
			outputFileListPaths = (
				"${PODS_ROOT}/Target Support Files/Pods-AwesomeProject/Pods-AwesomeProject-resources-${CONFIGURATION}-output-files.xcfilelist",
			);
			runOnlyForDeploymentPostprocessing = 0;
			shellPath = /bin/sh;
			shellScript = "\"${PODS_ROOT}/Target Support Files/Pods-AwesomeProject/Pods-AwesomeProject-resources.sh\"\n";
			showEnvVarsInLog = 0;
		};
/* End PBXShellScriptBuildPhase section */

/* Begin PBXSourcesBuildPhase section */
		13B07F871A680F5B00A75B9A /* Sources */ = {
			isa = PBXSourcesBuildPhase;
			buildActionMask = 2147483647;
			files = (
				761780ED2CA45674006654EE /* AppDelegate.swift in Sources */,
			);
			runOnlyForDeploymentPostprocessing = 0;
		};
/* End PBXSourcesBuildPhase section */

/* Begin XCBuildConfiguration section */
		13B07F941A680F5B00A75B9A /* Debug */ = {
			isa = XCBuildConfiguration;
			baseConfigurationReference = 3B4392A12AC88292D35C810B /* Pods-AwesomeProject.debug.xcconfig */;
			buildSettings = {
				ASSETCATALOG_COMPILER_APPICON_NAME = AppIcon;
				CLANG_ENABLE_MODULES = YES;
				CURRENT_PROJECT_VERSION = 1;
				ENABLE_BITCODE = NO;
				INFOPLIST_FILE = AwesomeProject/Info.plist;
				IPHONEOS_DEPLOYMENT_TARGET = 15.1;
				LD_RUNPATH_SEARCH_PATHS = (
					"$(inherited)",
					"@executable_path/Frameworks",
				);
				MARKETING_VERSION = 1.0;
				OTHER_LDFLAGS = (
					"$(inherited)",
					"-ObjC",
					"-lc++",
				);
				PRODUCT_BUNDLE_IDENTIFIER = "org.reactjs.native.example.$(PRODUCT_NAME:rfc1034identifier)";
				PRODUCT_NAME = AwesomeProject;
				SWIFT_OPTIMIZATION_LEVEL = "-Onone";
				SWIFT_VERSION = 5.0;
				VERSIONING_SYSTEM = "apple-generic";
			};
			name = Debug;
		};
		13B07F951A680F5B00A75B9A /* Release */ = {
			isa = XCBuildConfiguration;
			baseConfigurationReference = 5709B34CF0A7D63546082F79 /* Pods-AwesomeProject.release.xcconfig */;
			buildSettings = {
				ASSETCATALOG_COMPILER_APPICON_NAME = AppIcon;
				CLANG_ENABLE_MODULES = YES;
				CURRENT_PROJECT_VERSION = 1;
				INFOPLIST_FILE = AwesomeProject/Info.plist;
				IPHONEOS_DEPLOYMENT_TARGET = 15.1;
				LD_RUNPATH_SEARCH_PATHS = (
					"$(inherited)",
					"@executable_path/Frameworks",
				);
				MARKETING_VERSION = 1.0;
				OTHER_LDFLAGS = (
					"$(inherited)",
					"-ObjC",
					"-lc++",
				);
				PRODUCT_BUNDLE_IDENTIFIER = "org.reactjs.native.example.$(PRODUCT_NAME:rfc1034identifier)";
				PRODUCT_NAME = AwesomeProject;
				SWIFT_VERSION = 5.0;
				VERSIONING_SYSTEM = "apple-generic";
			};
			name = Release;
		};
		83CBBA201A601CBA00E9B192 /* Debug */ = {
			isa = XCBuildConfiguration;
			buildSettings = {
				ALWAYS_SEARCH_USER_PATHS = NO;
				CLANG_ANALYZER_LOCALIZABILITY_NONLOCALIZED = YES;
				CLANG_CXX_LANGUAGE_STANDARD = "c++20";
				CLANG_CXX_LIBRARY = "libc++";
				CLANG_ENABLE_MODULES = YES;
				CLANG_ENABLE_OBJC_ARC = YES;
				CLANG_WARN_BLOCK_CAPTURE_AUTORELEASING = YES;
				CLANG_WARN_BOOL_CONVERSION = YES;
				CLANG_WARN_COMMA = YES;
				CLANG_WARN_CONSTANT_CONVERSION = YES;
				CLANG_WARN_DEPRECATED_OBJC_IMPLEMENTATIONS = YES;
				CLANG_WARN_DIRECT_OBJC_ISA_USAGE = YES_ERROR;
				CLANG_WARN_EMPTY_BODY = YES;
				CLANG_WARN_ENUM_CONVERSION = YES;
				CLANG_WARN_INFINITE_RECURSION = YES;
				CLANG_WARN_INT_CONVERSION = YES;
				CLANG_WARN_NON_LITERAL_NULL_CONVERSION = YES;
				CLANG_WARN_OBJC_IMPLICIT_RETAIN_SELF = YES;
				CLANG_WARN_OBJC_LITERAL_CONVERSION = YES;
				CLANG_WARN_OBJC_ROOT_CLASS = YES_ERROR;
				CLANG_WARN_QUOTED_INCLUDE_IN_FRAMEWORK_HEADER = YES;
				CLANG_WARN_RANGE_LOOP_ANALYSIS = YES;
				CLANG_WARN_STRICT_PROTOTYPES = YES;
				CLANG_WARN_SUSPICIOUS_MOVE = YES;
				CLANG_WARN_UNREACHABLE_CODE = YES;
				CLANG_WARN__DUPLICATE_METHOD_MATCH = YES;
				"CODE_SIGN_IDENTITY[sdk=iphoneos*]" = "iPhone Developer";
				COPY_PHASE_STRIP = NO;
				ENABLE_STRICT_OBJC_MSGSEND = YES;
				ENABLE_TESTABILITY = YES;
				"EXCLUDED_ARCHS[sdk=iphonesimulator*]" = "";
				GCC_C_LANGUAGE_STANDARD = gnu99;
				GCC_DYNAMIC_NO_PIC = NO;
				GCC_NO_COMMON_BLOCKS = YES;
				GCC_OPTIMIZATION_LEVEL = 0;
				GCC_PREPROCESSOR_DEFINITIONS = (
					"DEBUG=1",
					"$(inherited)",
				);
				GCC_SYMBOLS_PRIVATE_EXTERN = NO;
				GCC_WARN_64_TO_32_BIT_CONVERSION = YES;
				GCC_WARN_ABOUT_RETURN_TYPE = YES_ERROR;
				GCC_WARN_UNDECLARED_SELECTOR = YES;
				GCC_WARN_UNINITIALIZED_AUTOS = YES_AGGRESSIVE;
				GCC_WARN_UNUSED_FUNCTION = YES;
				GCC_WARN_UNUSED_VARIABLE = YES;
				IPHONEOS_DEPLOYMENT_TARGET = 15.1;
				LD_RUNPATH_SEARCH_PATHS = (
					/usr/lib/swift,
					"$(inherited)",
				);
				LIBRARY_SEARCH_PATHS = (
					"\"$(SDKROOT)/usr/lib/swift\"",
					"\"$(TOOLCHAIN_DIR)/usr/lib/swift/$(PLATFORM_NAME)\"",
					"\"$(inherited)\"",
				);
				MTL_ENABLE_DEBUG_INFO = YES;
				ONLY_ACTIVE_ARCH = YES;
				OTHER_CPLUSPLUSFLAGS = (
					"$(OTHER_CFLAGS)",
					"-DFOLLY_NO_CONFIG",
					"-DFOLLY_MOBILE=1",
					"-DFOLLY_USE_LIBCPP=1",
					"-DFOLLY_CFG_NO_COROUTINES=1",
					"-DFOLLY_HAVE_CLOCK_GETTIME=1",
				);
				SDKROOT = iphoneos;
			};
			name = Debug;
		};
		83CBBA211A601CBA00E9B192 /* Release */ = {
			isa = XCBuildConfiguration;
			buildSettings = {
				ALWAYS_SEARCH_USER_PATHS = NO;
				CLANG_ANALYZER_LOCALIZABILITY_NONLOCALIZED = YES;
				CLANG_CXX_LANGUAGE_STANDARD = "c++20";
				CLANG_CXX_LIBRARY = "libc++";
				CLANG_ENABLE_MODULES = YES;
				CLANG_ENABLE_OBJC_ARC = YES;
				CLANG_WARN_BLOCK_CAPTURE_AUTORELEASING = YES;
				CLANG_WARN_BOOL_CONVERSION = YES;
				CLANG_WARN_COMMA = YES;
				CLANG_WARN_CONSTANT_CONVERSION = YES;
				CLANG_WARN_DEPRECATED_OBJC_IMPLEMENTATIONS = YES;
				CLANG_WARN_DIRECT_OBJC_ISA_USAGE = YES_ERROR;
				CLANG_WARN_EMPTY_BODY = YES;
				CLANG_WARN_ENUM_CONVERSION = YES;
				CLANG_WARN_INFINITE_RECURSION = YES;
				CLANG_WARN_INT_CONVERSION = YES;
				CLANG_WARN_NON_LITERAL_NULL_CONVERSION = YES;
				CLANG_WARN_OBJC_IMPLICIT_RETAIN_SELF = YES;
				CLANG_WARN_OBJC_LITERAL_CONVERSION = YES;
				CLANG_WARN_OBJC_ROOT_CLASS = YES_ERROR;
				CLANG_WARN_QUOTED_INCLUDE_IN_FRAMEWORK_HEADER = YES;
				CLANG_WARN_RANGE_LOOP_ANALYSIS = YES;
				CLANG_WARN_STRICT_PROTOTYPES = YES;
				CLANG_WARN_SUSPICIOUS_MOVE = YES;
				CLANG_WARN_UNREACHABLE_CODE = YES;
				CLANG_WARN__DUPLICATE_METHOD_MATCH = YES;
				"CODE_SIGN_IDENTITY[sdk=iphoneos*]" = "iPhone Developer";
				COPY_PHASE_STRIP = YES;
				ENABLE_NS_ASSERTIONS = NO;
				ENABLE_STRICT_OBJC_MSGSEND = YES;
				"EXCLUDED_ARCHS[sdk=iphonesimulator*]" = "";
				GCC_C_LANGUAGE_STANDARD = gnu99;
				GCC_NO_COMMON_BLOCKS = YES;
				GCC_WARN_64_TO_32_BIT_CONVERSION = YES;
				GCC_WARN_ABOUT_RETURN_TYPE = YES_ERROR;
				GCC_WARN_UNDECLARED_SELECTOR = YES;
				GCC_WARN_UNINITIALIZED_AUTOS = YES_AGGRESSIVE;
				GCC_WARN_UNUSED_FUNCTION = YES;
				GCC_WARN_UNUSED_VARIABLE = YES;
				IPHONEOS_DEPLOYMENT_TARGET = 15.1;
				LD_RUNPATH_SEARCH_PATHS = (
					/usr/lib/swift,
					"$(inherited)",
				);
				LIBRARY_SEARCH_PATHS = (
					"\"$(SDKROOT)/usr/lib/swift\"",
					"\"$(TOOLCHAIN_DIR)/usr/lib/swift/$(PLATFORM_NAME)\"",
					"\"$(inherited)\"",
				);
				MTL_ENABLE_DEBUG_INFO = NO;
				OTHER_CPLUSPLUSFLAGS = (
					"$(OTHER_CFLAGS)",
					"-DFOLLY_NO_CONFIG",
					"-DFOLLY_MOBILE=1",
					"-DFOLLY_USE_LIBCPP=1",
					"-DFOLLY_CFG_NO_COROUTINES=1",
					"-DFOLLY_HAVE_CLOCK_GETTIME=1",
				);
				SDKROOT = iphoneos;
				VALIDATE_PRODUCT = YES;
			};
			name = Release;
		};
/* End XCBuildConfiguration section */

/* Begin XCConfigurationList section */
		13B07F931A680F5B00A75B9A /* Build configuration list for PBXNativeTarget "AwesomeProject" */ = {
			isa = XCConfigurationList;
			buildConfigurations = (
				13B07F941A680F5B00A75B9A /* Debug */,
				13B07F951A680F5B00A75B9A /* Release */,
			);
			defaultConfigurationIsVisible = 0;
			defaultConfigurationName = Release;
		};
		83CBB9FA1A601CBA00E9B192 /* Build configuration list for PBXProject "AwesomeProject" */ = {
			isa = XCConfigurationList;
			buildConfigurations = (
				83CBBA201A601CBA00E9B192 /* Debug */,
				83CBBA211A601CBA00E9B192 /* Release */,
			);
			defaultConfigurationIsVisible = 0;
			defaultConfigurationName = Release;
		};
/* End XCConfigurationList section */
	};
	rootObject = 83CBB9F71A601CBA00E9B192 /* Project object */;
}
